// !$*UTF8*$!
{
	archiveVersion = 1;
	classes = {
	};
	objectVersion = 50;
	objects = {

/* Begin PBXBuildFile section */
		66A5CFEC257D28AB00D1DC9A /* FructusApp.swift in Sources */ = {isa = PBXBuildFile; fileRef = 66A5CFEB257D28AB00D1DC9A /* FructusApp.swift */; };
		66A5CFEE257D28AB00D1DC9A /* ContentView.swift in Sources */ = {isa = PBXBuildFile; fileRef = 66A5CFED257D28AB00D1DC9A /* ContentView.swift */; };
		66A5CFF0257D28AE00D1DC9A /* Assets.xcassets in Resources */ = {isa = PBXBuildFile; fileRef = 66A5CFEF257D28AE00D1DC9A /* Assets.xcassets */; };
		66A5CFF3257D28AE00D1DC9A /* Preview Assets.xcassets in Resources */ = {isa = PBXBuildFile; fileRef = 66A5CFF2257D28AE00D1DC9A /* Preview Assets.xcassets */; };
		66A5D000257D2E2900D1DC9A /* FruitCardView.swift in Sources */ = {isa = PBXBuildFile; fileRef = 66A5CFFF257D2E2900D1DC9A /* FruitCardView.swift */; };
		66A5D003257D322D00D1DC9A /* StartButtonView.swift in Sources */ = {isa = PBXBuildFile; fileRef = 66A5D002257D322D00D1DC9A /* StartButtonView.swift */; };
		66A5D007257D35CA00D1DC9A /* OnboardingView.swift in Sources */ = {isa = PBXBuildFile; fileRef = 66A5D006257D35CA00D1DC9A /* OnboardingView.swift */; };
		66A5D00E257D3AD500D1DC9A /* FtuitModel.swift in Sources */ = {isa = PBXBuildFile; fileRef = 66A5D00D257D3AD500D1DC9A /* FtuitModel.swift */; };
		66A5D013257D3DE100D1DC9A /* FruitData.swift in Sources */ = {isa = PBXBuildFile; fileRef = 66A5D012257D3DE100D1DC9A /* FruitData.swift */; };
		66A5D017257D453000D1DC9A /* FruitRowView.swift in Sources */ = {isa = PBXBuildFile; fileRef = 66A5D016257D453000D1DC9A /* FruitRowView.swift */; };
		66A5D021257D526800D1DC9A /* FruitDetailView.swift in Sources */ = {isa = PBXBuildFile; fileRef = 66A5D020257D526700D1DC9A /* FruitDetailView.swift */; };
		66A5D026257D553800D1DC9A /* FruitHeaderView.swift in Sources */ = {isa = PBXBuildFile; fileRef = 66A5D025257D553800D1DC9A /* FruitHeaderView.swift */; };
		66A5D029257D57C100D1DC9A /* SourceLinkView.swift in Sources */ = {isa = PBXBuildFile; fileRef = 66A5D028257D57C100D1DC9A /* SourceLinkView.swift */; };
		66A5D02C257D620200D1DC9A /* FruitNutrientsView.swift in Sources */ = {isa = PBXBuildFile; fileRef = 66A5D02B257D620200D1DC9A /* FruitNutrientsView.swift */; };
		66A5D02F257D658800D1DC9A /* SettingsView.swift in Sources */ = {isa = PBXBuildFile; fileRef = 66A5D02E257D658800D1DC9A /* SettingsView.swift */; };
		66A5D032257D69BF00D1DC9A /* SettingsLabellView.swift in Sources */ = {isa = PBXBuildFile; fileRef = 66A5D031257D69BF00D1DC9A /* SettingsLabellView.swift */; };
		66A5D035257D6B8D00D1DC9A /* SettingsRowView.swift in Sources */ = {isa = PBXBuildFile; fileRef = 66A5D034257D6B8D00D1DC9A /* SettingsRowView.swift */; };
/* End PBXBuildFile section */

/* Begin PBXFileReference section */
		66A5CFE8257D28AB00D1DC9A /* Fructus.app */ = {isa = PBXFileReference; explicitFileType = wrapper.application; includeInIndex = 0; path = Fructus.app; sourceTree = BUILT_PRODUCTS_DIR; };
		66A5CFEB257D28AB00D1DC9A /* FructusApp.swift */ = {isa = PBXFileReference; lastKnownFileType = sourcecode.swift; path = FructusApp.swift; sourceTree = "<group>"; };
		66A5CFED257D28AB00D1DC9A /* ContentView.swift */ = {isa = PBXFileReference; lastKnownFileType = sourcecode.swift; path = ContentView.swift; sourceTree = "<group>"; };
		66A5CFEF257D28AE00D1DC9A /* Assets.xcassets */ = {isa = PBXFileReference; lastKnownFileType = folder.assetcatalog; path = Assets.xcassets; sourceTree = "<group>"; };
		66A5CFF2257D28AE00D1DC9A /* Preview Assets.xcassets */ = {isa = PBXFileReference; lastKnownFileType = folder.assetcatalog; path = "Preview Assets.xcassets"; sourceTree = "<group>"; };
		66A5CFF4257D28AE00D1DC9A /* Info.plist */ = {isa = PBXFileReference; lastKnownFileType = text.plist.xml; path = Info.plist; sourceTree = "<group>"; };
		66A5CFFF257D2E2900D1DC9A /* FruitCardView.swift */ = {isa = PBXFileReference; lastKnownFileType = sourcecode.swift; path = FruitCardView.swift; sourceTree = "<group>"; };
		66A5D002257D322D00D1DC9A /* StartButtonView.swift */ = {isa = PBXFileReference; lastKnownFileType = sourcecode.swift; path = StartButtonView.swift; sourceTree = "<group>"; };
		66A5D006257D35CA00D1DC9A /* OnboardingView.swift */ = {isa = PBXFileReference; lastKnownFileType = sourcecode.swift; path = OnboardingView.swift; sourceTree = "<group>"; };
		66A5D00D257D3AD500D1DC9A /* FtuitModel.swift */ = {isa = PBXFileReference; lastKnownFileType = sourcecode.swift; path = FtuitModel.swift; sourceTree = "<group>"; };
		66A5D012257D3DE100D1DC9A /* FruitData.swift */ = {isa = PBXFileReference; lastKnownFileType = sourcecode.swift; path = FruitData.swift; sourceTree = "<group>"; };
		66A5D016257D453000D1DC9A /* FruitRowView.swift */ = {isa = PBXFileReference; lastKnownFileType = sourcecode.swift; path = FruitRowView.swift; sourceTree = "<group>"; };
		66A5D020257D526700D1DC9A /* FruitDetailView.swift */ = {isa = PBXFileReference; lastKnownFileType = sourcecode.swift; path = FruitDetailView.swift; sourceTree = "<group>"; };
		66A5D025257D553800D1DC9A /* FruitHeaderView.swift */ = {isa = PBXFileReference; lastKnownFileType = sourcecode.swift; path = FruitHeaderView.swift; sourceTree = "<group>"; };
		66A5D028257D57C100D1DC9A /* SourceLinkView.swift */ = {isa = PBXFileReference; lastKnownFileType = sourcecode.swift; path = SourceLinkView.swift; sourceTree = "<group>"; };
		66A5D02B257D620200D1DC9A /* FruitNutrientsView.swift */ = {isa = PBXFileReference; lastKnownFileType = sourcecode.swift; path = FruitNutrientsView.swift; sourceTree = "<group>"; };
		66A5D02E257D658800D1DC9A /* SettingsView.swift */ = {isa = PBXFileReference; lastKnownFileType = sourcecode.swift; path = SettingsView.swift; sourceTree = "<group>"; };
		66A5D031257D69BF00D1DC9A /* SettingsLabellView.swift */ = {isa = PBXFileReference; lastKnownFileType = sourcecode.swift; path = SettingsLabellView.swift; sourceTree = "<group>"; };
		66A5D034257D6B8D00D1DC9A /* SettingsRowView.swift */ = {isa = PBXFileReference; lastKnownFileType = sourcecode.swift; path = SettingsRowView.swift; sourceTree = "<group>"; };
/* End PBXFileReference section */

/* Begin PBXFrameworksBuildPhase section */
		66A5CFE5257D28AB00D1DC9A /* Frameworks */ = {
			isa = PBXFrameworksBuildPhase;
			buildActionMask = 2147483647;
			files = (
			);
			runOnlyForDeploymentPostprocessing = 0;
		};
/* End PBXFrameworksBuildPhase section */

/* Begin PBXGroup section */
		66A5CFDF257D28AB00D1DC9A = {
			isa = PBXGroup;
			children = (
				66A5CFEA257D28AB00D1DC9A /* Fructus */,
				66A5CFE9257D28AB00D1DC9A /* Products */,
			);
			sourceTree = "<group>";
		};
		66A5CFE9257D28AB00D1DC9A /* Products */ = {
			isa = PBXGroup;
			children = (
				66A5CFE8257D28AB00D1DC9A /* Fructus.app */,
			);
			name = Products;
			sourceTree = "<group>";
		};
		66A5CFEA257D28AB00D1DC9A /* Fructus */ = {
			isa = PBXGroup;
			children = (
				66A5CFFC257D2DE800D1DC9A /* App */,
				66A5D011257D3D9100D1DC9A /* Data */,
				66A5D00C257D3ABE00D1DC9A /* Model */,
				66A5CFFE257D2E1200D1DC9A /* View */,
				66A5CFEF257D28AE00D1DC9A /* Assets.xcassets */,
				66A5CFF4257D28AE00D1DC9A /* Info.plist */,
				66A5CFF1257D28AE00D1DC9A /* Preview Content */,
			);
			path = Fructus;
			sourceTree = "<group>";
		};
		66A5CFF1257D28AE00D1DC9A /* Preview Content */ = {
			isa = PBXGroup;
			children = (
				66A5CFF2257D28AE00D1DC9A /* Preview Assets.xcassets */,
			);
			path = "Preview Content";
			sourceTree = "<group>";
		};
		66A5CFFC257D2DE800D1DC9A /* App */ = {
			isa = PBXGroup;
			children = (
				66A5CFEB257D28AB00D1DC9A /* FructusApp.swift */,
				66A5CFED257D28AB00D1DC9A /* ContentView.swift */,
				66A5D006257D35CA00D1DC9A /* OnboardingView.swift */,
				66A5D020257D526700D1DC9A /* FruitDetailView.swift */,
				66A5D02E257D658800D1DC9A /* SettingsView.swift */,
				66A5D034257D6B8D00D1DC9A /* SettingsRowView.swift */,
			);
			path = App;
			sourceTree = "<group>";
		};
		66A5CFFE257D2E1200D1DC9A /* View */ = {
			isa = PBXGroup;
			children = (
				66A5CFFF257D2E2900D1DC9A /* FruitCardView.swift */,
				66A5D002257D322D00D1DC9A /* StartButtonView.swift */,
				66A5D016257D453000D1DC9A /* FruitRowView.swift */,
				66A5D025257D553800D1DC9A /* FruitHeaderView.swift */,
				66A5D028257D57C100D1DC9A /* SourceLinkView.swift */,
				66A5D02B257D620200D1DC9A /* FruitNutrientsView.swift */,
				66A5D031257D69BF00D1DC9A /* SettingsLabellView.swift */,
			);
			path = View;
			sourceTree = "<group>";
		};
		66A5D00C257D3ABE00D1DC9A /* Model */ = {
			isa = PBXGroup;
			children = (
				66A5D00D257D3AD500D1DC9A /* FtuitModel.swift */,
			);
			path = Model;
			sourceTree = "<group>";
		};
		66A5D011257D3D9100D1DC9A /* Data */ = {
			isa = PBXGroup;
			children = (
				66A5D012257D3DE100D1DC9A /* FruitData.swift */,
			);
			path = Data;
			sourceTree = "<group>";
		};
/* End PBXGroup section */

/* Begin PBXNativeTarget section */
		66A5CFE7257D28AB00D1DC9A /* Fructus */ = {
			isa = PBXNativeTarget;
			buildConfigurationList = 66A5CFF7257D28AE00D1DC9A /* Build configuration list for PBXNativeTarget "Fructus" */;
			buildPhases = (
				66A5CFE4257D28AB00D1DC9A /* Sources */,
				66A5CFE5257D28AB00D1DC9A /* Frameworks */,
				66A5CFE6257D28AB00D1DC9A /* Resources */,
			);
			buildRules = (
			);
			dependencies = (
			);
			name = Fructus;
			productName = Fructus;
			productReference = 66A5CFE8257D28AB00D1DC9A /* Fructus.app */;
			productType = "com.apple.product-type.application";
		};
/* End PBXNativeTarget section */

/* Begin PBXProject section */
		66A5CFE0257D28AB00D1DC9A /* Project object */ = {
			isa = PBXProject;
			attributes = {
				LastSwiftUpdateCheck = 1220;
				LastUpgradeCheck = 1220;
				TargetAttributes = {
					66A5CFE7257D28AB00D1DC9A = {
						CreatedOnToolsVersion = 12.2;
					};
				};
			};
			buildConfigurationList = 66A5CFE3257D28AB00D1DC9A /* Build configuration list for PBXProject "Fructus" */;
			compatibilityVersion = "Xcode 9.3";
			developmentRegion = en;
			hasScannedForEncodings = 0;
			knownRegions = (
				en,
				Base,
			);
			mainGroup = 66A5CFDF257D28AB00D1DC9A;
			productRefGroup = 66A5CFE9257D28AB00D1DC9A /* Products */;
			projectDirPath = "";
			projectRoot = "";
			targets = (
				66A5CFE7257D28AB00D1DC9A /* Fructus */,
			);
		};
/* End PBXProject section */

/* Begin PBXResourcesBuildPhase section */
		66A5CFE6257D28AB00D1DC9A /* Resources */ = {
			isa = PBXResourcesBuildPhase;
			buildActionMask = 2147483647;
			files = (
				66A5CFF3257D28AE00D1DC9A /* Preview Assets.xcassets in Resources */,
				66A5CFF0257D28AE00D1DC9A /* Assets.xcassets in Resources */,
			);
			runOnlyForDeploymentPostprocessing = 0;
		};
/* End PBXResourcesBuildPhase section */

/* Begin PBXSourcesBuildPhase section */
		66A5CFE4257D28AB00D1DC9A /* Sources */ = {
			isa = PBXSourcesBuildPhase;
			buildActionMask = 2147483647;
			files = (
				66A5D013257D3DE100D1DC9A /* FruitData.swift in Sources */,
				66A5D029257D57C100D1DC9A /* SourceLinkView.swift in Sources */,
				66A5D035257D6B8D00D1DC9A /* SettingsRowView.swift in Sources */,
				66A5D000257D2E2900D1DC9A /* FruitCardView.swift in Sources */,
				66A5D021257D526800D1DC9A /* FruitDetailView.swift in Sources */,
				66A5D02C257D620200D1DC9A /* FruitNutrientsView.swift in Sources */,
				66A5D017257D453000D1DC9A /* FruitRowView.swift in Sources */,
				66A5D003257D322D00D1DC9A /* StartButtonView.swift in Sources */,
				66A5D00E257D3AD500D1DC9A /* FtuitModel.swift in Sources */,
				66A5D026257D553800D1DC9A /* FruitHeaderView.swift in Sources */,
				66A5CFEE257D28AB00D1DC9A /* ContentView.swift in Sources */,
				66A5D007257D35CA00D1DC9A /* OnboardingView.swift in Sources */,
				66A5D032257D69BF00D1DC9A /* SettingsLabellView.swift in Sources */,
				66A5CFEC257D28AB00D1DC9A /* FructusApp.swift in Sources */,
				66A5D02F257D658800D1DC9A /* SettingsView.swift in Sources */,
			);
			runOnlyForDeploymentPostprocessing = 0;
		};
/* End PBXSourcesBuildPhase section */

/* Begin XCBuildConfiguration section */
		66A5CFF5257D28AE00D1DC9A /* Debug */ = {
			isa = XCBuildConfiguration;
			buildSettings = {
				ALWAYS_SEARCH_USER_PATHS = NO;
				CLANG_ANALYZER_NONNULL = YES;
				CLANG_ANALYZER_NUMBER_OBJECT_CONVERSION = YES_AGGRESSIVE;
				CLANG_CXX_LANGUAGE_STANDARD = "gnu++14";
				CLANG_CXX_LIBRARY = "libc++";
				CLANG_ENABLE_MODULES = YES;
				CLANG_ENABLE_OBJC_ARC = YES;
				CLANG_ENABLE_OBJC_WEAK = YES;
				CLANG_WARN_BLOCK_CAPTURE_AUTORELEASING = YES;
				CLANG_WARN_BOOL_CONVERSION = YES;
				CLANG_WARN_COMMA = YES;
				CLANG_WARN_CONSTANT_CONVERSION = YES;
				CLANG_WARN_DEPRECATED_OBJC_IMPLEMENTATIONS = YES;
				CLANG_WARN_DIRECT_OBJC_ISA_USAGE = YES_ERROR;
				CLANG_WARN_DOCUMENTATION_COMMENTS = YES;
				CLANG_WARN_EMPTY_BODY = YES;
				CLANG_WARN_ENUM_CONVERSION = YES;
				CLANG_WARN_INFINITE_RECURSION = YES;
				CLANG_WARN_INT_CONVERSION = YES;
				CLANG_WARN_NON_LITERAL_NULL_CONVERSION = YES;
				CLANG_WARN_OBJC_IMPLICIT_RETAIN_SELF = YES;
				CLANG_WARN_OBJC_LITERAL_CONVERSION = YES;
				CLANG_WARN_OBJC_ROOT_CLASS = YES_ERROR;
				CLANG_WARN_QUOTED_INCLUDE_IN_FRAMEWORK_HEADER = YES;
				CLANG_WARN_RANGE_LOOP_ANALYSIS = YES;
				CLANG_WARN_STRICT_PROTOTYPES = YES;
				CLANG_WARN_SUSPICIOUS_MOVE = YES;
				CLANG_WARN_UNGUARDED_AVAILABILITY = YES_AGGRESSIVE;
				CLANG_WARN_UNREACHABLE_CODE = YES;
				CLANG_WARN__DUPLICATE_METHOD_MATCH = YES;
				COPY_PHASE_STRIP = NO;
				DEBUG_INFORMATION_FORMAT = dwarf;
				ENABLE_STRICT_OBJC_MSGSEND = YES;
				ENABLE_TESTABILITY = YES;
				GCC_C_LANGUAGE_STANDARD = gnu11;
				GCC_DYNAMIC_NO_PIC = NO;
				GCC_NO_COMMON_BLOCKS = YES;
				GCC_OPTIMIZATION_LEVEL = 0;
				GCC_PREPROCESSOR_DEFINITIONS = (
					"DEBUG=1",
					"$(inherited)",
				);
				GCC_WARN_64_TO_32_BIT_CONVERSION = YES;
				GCC_WARN_ABOUT_RETURN_TYPE = YES_ERROR;
				GCC_WARN_UNDECLARED_SELECTOR = YES;
				GCC_WARN_UNINITIALIZED_AUTOS = YES_AGGRESSIVE;
				GCC_WARN_UNUSED_FUNCTION = YES;
				GCC_WARN_UNUSED_VARIABLE = YES;
				IPHONEOS_DEPLOYMENT_TARGET = 14.2;
				MTL_ENABLE_DEBUG_INFO = INCLUDE_SOURCE;
				MTL_FAST_MATH = YES;
				ONLY_ACTIVE_ARCH = YES;
				SDKROOT = iphoneos;
				SWIFT_ACTIVE_COMPILATION_CONDITIONS = DEBUG;
				SWIFT_OPTIMIZATION_LEVEL = "-Onone";
			};
			name = Debug;
		};
		66A5CFF6257D28AE00D1DC9A /* Release */ = {
			isa = XCBuildConfiguration;
			buildSettings = {
				ALWAYS_SEARCH_USER_PATHS = NO;
				CLANG_ANALYZER_NONNULL = YES;
				CLANG_ANALYZER_NUMBER_OBJECT_CONVERSION = YES_AGGRESSIVE;
				CLANG_CXX_LANGUAGE_STANDARD = "gnu++14";
				CLANG_CXX_LIBRARY = "libc++";
				CLANG_ENABLE_MODULES = YES;
				CLANG_ENABLE_OBJC_ARC = YES;
				CLANG_ENABLE_OBJC_WEAK = YES;
				CLANG_WARN_BLOCK_CAPTURE_AUTORELEASING = YES;
				CLANG_WARN_BOOL_CONVERSION = YES;
				CLANG_WARN_COMMA = YES;
				CLANG_WARN_CONSTANT_CONVERSION = YES;
				CLANG_WARN_DEPRECATED_OBJC_IMPLEMENTATIONS = YES;
				CLANG_WARN_DIRECT_OBJC_ISA_USAGE = YES_ERROR;
				CLANG_WARN_DOCUMENTATION_COMMENTS = YES;
				CLANG_WARN_EMPTY_BODY = YES;
				CLANG_WARN_ENUM_CONVERSION = YES;
				CLANG_WARN_INFINITE_RECURSION = YES;
				CLANG_WARN_INT_CONVERSION = YES;
				CLANG_WARN_NON_LITERAL_NULL_CONVERSION = YES;
				CLANG_WARN_OBJC_IMPLICIT_RETAIN_SELF = YES;
				CLANG_WARN_OBJC_LITERAL_CONVERSION = YES;
				CLANG_WARN_OBJC_ROOT_CLASS = YES_ERROR;
				CLANG_WARN_QUOTED_INCLUDE_IN_FRAMEWORK_HEADER = YES;
				CLANG_WARN_RANGE_LOOP_ANALYSIS = YES;
				CLANG_WARN_STRICT_PROTOTYPES = YES;
				CLANG_WARN_SUSPICIOUS_MOVE = YES;
				CLANG_WARN_UNGUARDED_AVAILABILITY = YES_AGGRESSIVE;
				CLANG_WARN_UNREACHABLE_CODE = YES;
				CLANG_WARN__DUPLICATE_METHOD_MATCH = YES;
				COPY_PHASE_STRIP = NO;
				DEBUG_INFORMATION_FORMAT = "dwarf-with-dsym";
				ENABLE_NS_ASSERTIONS = NO;
				ENABLE_STRICT_OBJC_MSGSEND = YES;
				GCC_C_LANGUAGE_STANDARD = gnu11;
				GCC_NO_COMMON_BLOCKS = YES;
				GCC_WARN_64_TO_32_BIT_CONVERSION = YES;
				GCC_WARN_ABOUT_RETURN_TYPE = YES_ERROR;
				GCC_WARN_UNDECLARED_SELECTOR = YES;
				GCC_WARN_UNINITIALIZED_AUTOS = YES_AGGRESSIVE;
				GCC_WARN_UNUSED_FUNCTION = YES;
				GCC_WARN_UNUSED_VARIABLE = YES;
				IPHONEOS_DEPLOYMENT_TARGET = 14.2;
				MTL_ENABLE_DEBUG_INFO = NO;
				MTL_FAST_MATH = YES;
				SDKROOT = iphoneos;
				SWIFT_COMPILATION_MODE = wholemodule;
				SWIFT_OPTIMIZATION_LEVEL = "-O";
				VALIDATE_PRODUCT = YES;
			};
			name = Release;
		};
		66A5CFF8257D28AE00D1DC9A /* Debug */ = {
			isa = XCBuildConfiguration;
			buildSettings = {
				ASSETCATALOG_COMPILER_APPICON_NAME = AppIcon;
				ASSETCATALOG_COMPILER_GLOBAL_ACCENT_COLOR_NAME = AccentColor;
				CODE_SIGN_STYLE = Automatic;
				DEVELOPMENT_ASSET_PATHS = "\"Fructus/Preview Content\"";
				DEVELOPMENT_TEAM = V992GDVW43;
				ENABLE_PREVIEWS = YES;
				INFOPLIST_FILE = Fructus/Info.plist;
				IPHONEOS_DEPLOYMENT_TARGET = 14.0;
				LD_RUNPATH_SEARCH_PATHS = (
					"$(inherited)",
					"@executable_path/Frameworks",
				);
				PRODUCT_BUNDLE_IDENTIFIER = com.alijaver.Fructus;
				PRODUCT_NAME = "$(TARGET_NAME)";
				SWIFT_VERSION = 5.0;
				TARGETED_DEVICE_FAMILY = "1,2";
			};
			name = Debug;
		};
		66A5CFF9257D28AE00D1DC9A /* Release */ = {
			isa = XCBuildConfiguration;
			buildSettings = {
				ASSETCATALOG_COMPILER_APPICON_NAME = AppIcon;
				ASSETCATALOG_COMPILER_GLOBAL_ACCENT_COLOR_NAME = AccentColor;
				CODE_SIGN_STYLE = Automatic;
				DEVELOPMENT_ASSET_PATHS = "\"Fructus/Preview Content\"";
				DEVELOPMENT_TEAM = V992GDVW43;
				ENABLE_PREVIEWS = YES;
				INFOPLIST_FILE = Fructus/Info.plist;
				IPHONEOS_DEPLOYMENT_TARGET = 14.0;
				LD_RUNPATH_SEARCH_PATHS = (
					"$(inherited)",
					"@executable_path/Frameworks",
				);
				PRODUCT_BUNDLE_IDENTIFIER = com.alijaver.Fructus;
				PRODUCT_NAME = "$(TARGET_NAME)";
				SWIFT_VERSION = 5.0;
				TARGETED_DEVICE_FAMILY = "1,2";
			};
			name = Release;
		};
/* End XCBuildConfiguration section */

/* Begin XCConfigurationList section */
		66A5CFE3257D28AB00D1DC9A /* Build configuration list for PBXProject "Fructus" */ = {
			isa = XCConfigurationList;
			buildConfigurations = (
				66A5CFF5257D28AE00D1DC9A /* Debug */,
				66A5CFF6257D28AE00D1DC9A /* Release */,
			);
			defaultConfigurationIsVisible = 0;
			defaultConfigurationName = Release;
		};
		66A5CFF7257D28AE00D1DC9A /* Build configuration list for PBXNativeTarget "Fructus" */ = {
			isa = XCConfigurationList;
			buildConfigurations = (
				66A5CFF8257D28AE00D1DC9A /* Debug */,
				66A5CFF9257D28AE00D1DC9A /* Release */,
			);
			defaultConfigurationIsVisible = 0;
			defaultConfigurationName = Release;
		};
/* End XCConfigurationList section */
	};
	rootObject = 66A5CFE0257D28AB00D1DC9A /* Project object */;
}
